{
  "version": 4,
  "terraform_version": "1.2.2",
  "serial": 125,
  "lineage": "ee4837cf-4560-5de3-a97d-58a505c63d0d",
  "outputs": {},
  "resources": [
    {
      "mode": "data",
      "type": "aws_ami",
      "name": "ubuntu",
      "provider": "provider[\"registry.terraform.io/hashicorp/aws\"]",
      "instances": [
        {
          "schema_version": 0,
          "attributes": {
            "architecture": "x86_64",
            "arn": "arn:aws:ec2:us-east-1::image/ami-079ca844e323047c2",
            "block_device_mappings": [
              {
                "device_name": "/dev/sda1",
                "ebs": {
                  "delete_on_termination": "true",
                  "encrypted": "false",
                  "iops": "0",
                  "snapshot_id": "snap-0c10ccc360ee5b4bd",
                  "throughput": "0",
                  "volume_size": "8",
                  "volume_type": "gp2"
                },
                "no_device": "",
                "virtual_name": ""
              },
              {
                "device_name": "/dev/sdb",
                "ebs": {},
                "no_device": "",
                "virtual_name": "ephemeral0"
              },
              {
                "device_name": "/dev/sdc",
                "ebs": {},
                "no_device": "",
                "virtual_name": "ephemeral1"
              }
            ],
            "boot_mode": "",
            "creation_date": "2022-09-02T01:14:35.000Z",
            "deprecation_time": "2024-09-02T01:14:35.000Z",
            "description": "Canonical, Ubuntu, 20.04 LTS, amd64 focal image build on 2022-09-01",
            "ena_support": true,
            "executable_users": null,
            "filter": [
              {
                "name": "name",
                "values": [
                  "ubuntu/images/hvm-ssd/ubuntu-focal-20.04-amd64-server-*"
                ]
              },
              {
                "name": "virtualization-type",
                "values": [
                  "hvm"
                ]
              }
            ],
            "hypervisor": "xen",
            "id": "ami-079ca844e323047c2",
            "image_id": "ami-079ca844e323047c2",
            "image_location": "amazon/ubuntu/images/hvm-ssd/ubuntu-focal-20.04-amd64-server-20220901",
            "image_owner_alias": "amazon",
            "image_type": "machine",
            "include_deprecated": false,
            "kernel_id": "",
            "most_recent": true,
            "name": "ubuntu/images/hvm-ssd/ubuntu-focal-20.04-amd64-server-20220901",
            "name_regex": null,
            "owner_id": "099720109477",
            "owners": [
              "099720109477"
            ],
            "platform": "",
            "platform_details": "Linux/UNIX",
            "product_codes": [],
            "public": true,
            "ramdisk_id": "",
            "root_device_name": "/dev/sda1",
            "root_device_type": "ebs",
            "root_snapshot_id": "snap-0c10ccc360ee5b4bd",
            "sriov_net_support": "simple",
            "state": "available",
            "state_reason": {
              "code": "UNSET",
              "message": "UNSET"
            },
            "tags": {},
            "timeouts": null,
            "tpm_support": "",
            "usage_operation": "RunInstances",
            "virtualization_type": "hvm"
          },
          "sensitive_attributes": []
        }
      ]
    },
    {
      "mode": "data",
      "type": "cloudinit_config",
      "name": "ipfs_bootstrap",
      "provider": "provider[\"registry.terraform.io/hashicorp/cloudinit\"]",
      "instances": [
        {
          "schema_version": 0,
          "attributes": {
            "base64_encode": false,
            "boundary": "MIMEBOUNDARY",
            "gzip": false,
            "id": "2868289659",
            "part": [
              {
                "content": "#cloud-config\r\n{\"runcmd\":[\"sudo bash /usr/local/bin/bootstrap.sh\"],\"write_files\":[{\"content\":\"W1VuaXRdDQpEZXNjcmlwdGlvbj1pcGZzIGRhZW1vbg0KW1NlcnZpY2VdDQpFeGVjU3RhcnQ9L3Vzci9sb2NhbC9iaW4vaXBmcyBkYWVtb24gLS1lbmFibGUtZ2MNClJlc3RhcnQ9YWx3YXlzDQpVc2VyPXJvb3QNCkdyb3VwPXJvb3QNCkVudmlyb25tZW50PSJJUEZTX1BBVEg9L2hvbWUvdWJ1bnR1L2lwZnMvZGF0YSINCltJbnN0YWxsXQ0KV2FudGVkQnk9bXVsdGktdXNlci50YXJnZXQ=\",\"encoding\":\"b64\",\"owner\":\"root:root\",\"path\":\"/lib/systemd/system/ipfs.service\",\"permissions\":\"644\"},{\"content\":\"d2dldCBodHRwczovL2Rpc3QuaXBmcy50ZWNoL2t1Ym8vdjAuMTUuMC9rdWJvX3YwLjE1LjBfbGludXgtYW1kNjQudGFyLmd6CnRhciB4dmZ6IGt1Ym9fdjAuMTUuMF9saW51eC1hbWQ2NC50YXIuZ3oKcm0ga3Vib192MC4xNS4wX2xpbnV4LWFtZDY0LnRhci5negpzdWRvIC4va3Viby9pbnN0YWxsLnNoCm1rZGlyIC9ob21lL3VidW50dS9pcGZzCm1rZGlyIC9ob21lL3VidW50dS9pcGZzL2RhdGEKZWNobyAnZXhwb3J0IElQRlNfUEFUSD0vaG9tZS91YnVudHUvaXBmcy9kYXRhJyA+PiB+Ly5wcm9maWxlCnNvdXJjZSB+Ly5wcm9maWxlCmlwZnMgaW5pdCAtLXByb2ZpbGUgc2VydmVyCmlwZnMgY29uZmlnIERhdGFzdG9yZS5TdG9yYWdlTWF4IDJHQgppcGZzIGNvbmZpZyBBZGRyZXNzZXMuR2F0ZXdheSAvaXA0LzAuMC4wLjAvdGNwLzgwODAKc3VkbyBzeXN0ZW1jdGwgZGFlbW9uLXJlbG9hZApzdWRvIHN5c3RlbWN0bCBlbmFibGUgaXBmcy5zZXJ2aWNlCnN1ZG8gc3lzdGVtY3RsIHN0YXJ0IGlwZnM=\",\"encoding\":\"b64\",\"owner\":\"root:root\",\"path\":\"/usr/local/bin/bootstrap.sh\",\"permissions\":\"644\"}]}\r\n",
                "content_type": "text/cloud-config",
                "filename": "",
                "merge_type": ""
              }
            ],
            "rendered": "Content-Type: multipart/mixed; boundary=\"MIMEBOUNDARY\"\nMIME-Version: 1.0\r\n\r\n--MIMEBOUNDARY\r\nContent-Transfer-Encoding: 7bit\r\nContent-Type: text/cloud-config\r\nMime-Version: 1.0\r\n\r\n#cloud-config\r\n{\"runcmd\":[\"sudo bash /usr/local/bin/bootstrap.sh\"],\"write_files\":[{\"content\":\"W1VuaXRdDQpEZXNjcmlwdGlvbj1pcGZzIGRhZW1vbg0KW1NlcnZpY2VdDQpFeGVjU3RhcnQ9L3Vzci9sb2NhbC9iaW4vaXBmcyBkYWVtb24gLS1lbmFibGUtZ2MNClJlc3RhcnQ9YWx3YXlzDQpVc2VyPXJvb3QNCkdyb3VwPXJvb3QNCkVudmlyb25tZW50PSJJUEZTX1BBVEg9L2hvbWUvdWJ1bnR1L2lwZnMvZGF0YSINCltJbnN0YWxsXQ0KV2FudGVkQnk9bXVsdGktdXNlci50YXJnZXQ=\",\"encoding\":\"b64\",\"owner\":\"root:root\",\"path\":\"/lib/systemd/system/ipfs.service\",\"permissions\":\"644\"},{\"content\":\"d2dldCBodHRwczovL2Rpc3QuaXBmcy50ZWNoL2t1Ym8vdjAuMTUuMC9rdWJvX3YwLjE1LjBfbGludXgtYW1kNjQudGFyLmd6CnRhciB4dmZ6IGt1Ym9fdjAuMTUuMF9saW51eC1hbWQ2NC50YXIuZ3oKcm0ga3Vib192MC4xNS4wX2xpbnV4LWFtZDY0LnRhci5negpzdWRvIC4va3Viby9pbnN0YWxsLnNoCm1rZGlyIC9ob21lL3VidW50dS9pcGZzCm1rZGlyIC9ob21lL3VidW50dS9pcGZzL2RhdGEKZWNobyAnZXhwb3J0IElQRlNfUEFUSD0vaG9tZS91YnVudHUvaXBmcy9kYXRhJyA+PiB+Ly5wcm9maWxlCnNvdXJjZSB+Ly5wcm9maWxlCmlwZnMgaW5pdCAtLXByb2ZpbGUgc2VydmVyCmlwZnMgY29uZmlnIERhdGFzdG9yZS5TdG9yYWdlTWF4IDJHQgppcGZzIGNvbmZpZyBBZGRyZXNzZXMuR2F0ZXdheSAvaXA0LzAuMC4wLjAvdGNwLzgwODAKc3VkbyBzeXN0ZW1jdGwgZGFlbW9uLXJlbG9hZApzdWRvIHN5c3RlbWN0bCBlbmFibGUgaXBmcy5zZXJ2aWNlCnN1ZG8gc3lzdGVtY3RsIHN0YXJ0IGlwZnM=\",\"encoding\":\"b64\",\"owner\":\"root:root\",\"path\":\"/usr/local/bin/bootstrap.sh\",\"permissions\":\"644\"}]}\r\n\r\n--MIMEBOUNDARY--\r\n"
          },
          "sensitive_attributes": []
        }
      ]
    },
    {
      "mode": "managed",
      "type": "aws_eip",
      "name": "ipfs_vpc_ip",
      "provider": "provider[\"registry.terraform.io/hashicorp/aws\"]",
      "instances": [
        {
          "schema_version": 0,
          "attributes": {
            "address": null,
            "allocation_id": "eipalloc-030c6b591337b9630",
            "associate_with_private_ip": null,
            "association_id": "eipassoc-095179408966ffd8d",
            "carrier_ip": "",
            "customer_owned_ip": "",
            "customer_owned_ipv4_pool": "",
            "domain": "vpc",
            "id": "eipalloc-030c6b591337b9630",
            "instance": "i-08a3c1db1b3f0b5d3",
            "network_border_group": "us-east-1",
            "network_interface": "eni-039ade5d0a1bb9d34",
            "private_dns": "ip-10-0-35-134.ec2.internal",
            "private_ip": "10.0.35.134",
            "public_dns": "ec2-54-166-96-158.compute-1.amazonaws.com",
            "public_ip": "54.166.96.158",
            "public_ipv4_pool": "amazon",
            "tags": {},
            "tags_all": {},
            "timeouts": null,
            "vpc": true
          },
          "sensitive_attributes": [],
          "private": "eyJlMmJmYjczMC1lY2FhLTExZTYtOGY4OC0zNDM2M2JjN2M0YzAiOnsiZGVsZXRlIjoxODAwMDAwMDAwMDAsInJlYWQiOjkwMDAwMDAwMDAwMCwidXBkYXRlIjozMDAwMDAwMDAwMDB9fQ==",
          "dependencies": [
            "aws_instance.ipfs_host",
            "aws_security_group.allow_ipfs",
            "aws_security_group.allow_ssh",
            "aws_subnet.ipfs_subnet",
            "data.aws_ami.ubuntu",
            "data.cloudinit_config.ipfs_bootstrap"
          ]
        }
      ]
    },
    {
      "mode": "managed",
      "type": "aws_instance",
      "name": "ipfs_host",
      "provider": "provider[\"registry.terraform.io/hashicorp/aws\"]",
      "instances": [
        {
          "schema_version": 1,
          "attributes": {
            "ami": "ami-079ca844e323047c2",
            "arn": "arn:aws:ec2:us-east-1:486009190107:instance/i-08a3c1db1b3f0b5d3",
            "associate_public_ip_address": false,
            "availability_zone": "us-east-1a",
            "capacity_reservation_specification": [
              {
                "capacity_reservation_preference": "open",
                "capacity_reservation_target": []
              }
            ],
            "cpu_core_count": 1,
            "cpu_threads_per_core": 1,
            "credit_specification": [
              {
                "cpu_credits": "standard"
              }
            ],
            "disable_api_stop": false,
            "disable_api_termination": false,
            "ebs_block_device": [],
            "ebs_optimized": false,
            "enclave_options": [
              {
                "enabled": false
              }
            ],
            "ephemeral_block_device": [],
            "get_password_data": false,
            "hibernation": false,
            "host_id": null,
            "host_resource_group_arn": null,
            "iam_instance_profile": "",
            "id": "i-08a3c1db1b3f0b5d3",
            "instance_initiated_shutdown_behavior": "stop",
            "instance_state": "running",
            "instance_type": "t2.micro",
            "ipv6_address_count": 0,
            "ipv6_addresses": [],
            "key_name": "",
            "launch_template": [],
            "maintenance_options": [
              {
                "auto_recovery": "default"
              }
            ],
            "metadata_options": [
              {
                "http_endpoint": "enabled",
                "http_put_response_hop_limit": 1,
                "http_tokens": "optional",
                "instance_metadata_tags": "disabled"
              }
            ],
            "monitoring": false,
            "network_interface": [],
            "outpost_arn": "",
            "password_data": "",
            "placement_group": "",
            "placement_partition_number": null,
            "primary_network_interface_id": "eni-039ade5d0a1bb9d34",
            "private_dns": "ip-10-0-35-134.ec2.internal",
            "private_dns_name_options": [
              {
                "enable_resource_name_dns_a_record": false,
                "enable_resource_name_dns_aaaa_record": false,
                "hostname_type": "ip-name"
              }
            ],
            "private_ip": "10.0.35.134",
            "public_dns": "",
            "public_ip": "",
            "root_block_device": [
              {
                "delete_on_termination": true,
                "device_name": "/dev/sda1",
                "encrypted": false,
                "iops": 100,
                "kms_key_id": "",
                "tags": {},
                "throughput": 0,
                "volume_id": "vol-03698978c931069ce",
                "volume_size": 8,
                "volume_type": "gp2"
              }
            ],
            "secondary_private_ips": [],
            "security_groups": [
              "sg-00d3295b6f26d2bf5",
              "sg-089768d418da32c41"
            ],
            "source_dest_check": true,
            "subnet_id": "subnet-017c3496e82477699",
            "tags": {
              "Name": "ipfs_host",
              "Terraform": "Yes"
            },
            "tags_all": {
              "Name": "ipfs_host",
              "Terraform": "Yes"
            },
            "tenancy": "default",
            "timeouts": null,
            "user_data": "c895ca06b044e1bc78609f5da8bfef648f6b1945",
            "user_data_base64": null,
            "user_data_replace_on_change": false,
            "volume_tags": null,
            "vpc_security_group_ids": [
              "sg-00d3295b6f26d2bf5",
              "sg-089768d418da32c41"
            ]
          },
          "sensitive_attributes": [],
          "private": "eyJlMmJmYjczMC1lY2FhLTExZTYtOGY4OC0zNDM2M2JjN2M0YzAiOnsiY3JlYXRlIjo2MDAwMDAwMDAwMDAsImRlbGV0ZSI6MTIwMDAwMDAwMDAwMCwidXBkYXRlIjo2MDAwMDAwMDAwMDB9LCJzY2hlbWFfdmVyc2lvbiI6IjEifQ==",
          "dependencies": [
            "aws_security_group.allow_ipfs",
            "aws_security_group.allow_ssh",
            "aws_subnet.ipfs_subnet",
            "data.aws_ami.ubuntu",
            "data.cloudinit_config.ipfs_bootstrap"
          ]
        }
      ]
    },
    {
      "mode": "managed",
      "type": "aws_internet_gateway",
      "name": "ipfs_gw",
      "provider": "provider[\"registry.terraform.io/hashicorp/aws\"]",
      "instances": [
        {
          "schema_version": 0,
          "attributes": {
            "arn": "arn:aws:ec2:us-east-1:486009190107:internet-gateway/igw-05eaedb7653649437",
            "id": "igw-05eaedb7653649437",
            "owner_id": "486009190107",
            "tags": {
              "Name": "ipfs_gw"
            },
            "tags_all": {
              "Name": "ipfs_gw"
            },
            "timeouts": null,
            "vpc_id": "vpc-0c901d1caddaf7ff7"
          },
          "sensitive_attributes": [],
          "private": "eyJlMmJmYjczMC1lY2FhLTExZTYtOGY4OC0zNDM2M2JjN2M0YzAiOnsiY3JlYXRlIjoxMjAwMDAwMDAwMDAwLCJkZWxldGUiOjEyMDAwMDAwMDAwMDAsInVwZGF0ZSI6MTIwMDAwMDAwMDAwMH19",
          "dependencies": [
            "aws_vpc.ipfs_vpc"
          ]
        }
      ]
    },
    {
      "mode": "managed",
      "type": "aws_key_pair",
      "name": "deployer",
      "provider": "provider[\"registry.terraform.io/hashicorp/aws\"]",
      "instances": [
        {
          "schema_version": 1,
          "attributes": {
            "arn": "arn:aws:ec2:us-east-1:486009190107:key-pair/deployer-key",
            "fingerprint": "cd:8a:eb:e4:14:87:07:33:a0:11:9a:27:26:bc:f5:98",
            "id": "deployer-key",
            "key_name": "deployer-key",
            "key_name_prefix": "",
            "key_pair_id": "key-0de84ab7bd41291c2",
            "key_type": "rsa",
            "public_key": "ssh-rsa AAAAB3NzaC1yc2EAAAADAQABAAABgQC6bKCn+Pp0BjO9icVNkIEiHzjThv3uM2yHwWKu33TJLxiz9ep6yJvFn8TDuvzLJe54WCgT527cYqo9RGuHjFVgCDCVFGZsASEnt3zhMlSkhBe/29V6Mplx7YNjT0Y4FgoGdaBK/D0+wGuh6/30AjdnQ6qlsAOPJBgAN+lgBtBLmetqAElTN9mxNDwDoSXlbJtMeDn/4woJyMXgaszVnt+44fK3uGFxlwJAHTEpYVY18G0ThIUfB6ZyCrL6KSEzpSy9jGhV39/aRQnidl+ZTLFVVXJsQXa5Zi8fTJR4wvTvIMZaou5+T+HvpQyYN2uxg+jbuNxdqqTQNx9dykfcVB7J/kjW3aAk0fiYfeOTwTYPuAZfmlAlBdlLgIfhFA75KSYeT+afXRSQ7RZa7zhsPjuwMA6gVqizgNWm7dIDhi9rH/LgetEt4GrSaFj29jH7/k3ooe5ojIw3jysWSrN6rploMGjPt5mNZOl7sZqi0XbgaPE3AvWofQqDPG45IIfe/p0= ryanr@DESKTOP-K6VV99C",
            "tags": null,
            "tags_all": {}
          },
          "sensitive_attributes": [],
          "private": "eyJzY2hlbWFfdmVyc2lvbiI6IjEifQ=="
        }
      ]
    },
    {
      "mode": "managed",
      "type": "aws_route_table",
      "name": "ipfs_route_table",
      "provider": "provider[\"registry.terraform.io/hashicorp/aws\"]",
      "instances": [
        {
          "schema_version": 0,
          "attributes": {
            "arn": "arn:aws:ec2:us-east-1:486009190107:route-table/rtb-016b67200eb083a45",
            "id": "rtb-016b67200eb083a45",
            "owner_id": "486009190107",
            "propagating_vgws": [],
            "route": [
              {
                "carrier_gateway_id": "",
                "cidr_block": "0.0.0.0/0",
                "core_network_arn": "",
                "destination_prefix_list_id": "",
                "egress_only_gateway_id": "",
                "gateway_id": "igw-05eaedb7653649437",
                "instance_id": "",
                "ipv6_cidr_block": "",
                "local_gateway_id": "",
                "nat_gateway_id": "",
                "network_interface_id": "",
                "transit_gateway_id": "",
                "vpc_endpoint_id": "",
                "vpc_peering_connection_id": ""
              }
            ],
            "tags": {
              "Name": "ipfs_route_table"
            },
            "tags_all": {
              "Name": "ipfs_route_table"
            },
            "timeouts": null,
            "vpc_id": "vpc-0c901d1caddaf7ff7"
          },
          "sensitive_attributes": [],
          "private": "eyJlMmJmYjczMC1lY2FhLTExZTYtOGY4OC0zNDM2M2JjN2M0YzAiOnsiY3JlYXRlIjozMDAwMDAwMDAwMDAsImRlbGV0ZSI6MzAwMDAwMDAwMDAwLCJ1cGRhdGUiOjEyMDAwMDAwMDAwMH19",
          "dependencies": [
            "aws_internet_gateway.ipfs_gw",
            "aws_vpc.ipfs_vpc"
          ]
        }
      ]
    },
    {
      "mode": "managed",
      "type": "aws_route_table_association",
      "name": "subnet-association",
      "provider": "provider[\"registry.terraform.io/hashicorp/aws\"]",
      "instances": [
        {
          "schema_version": 0,
          "attributes": {
            "gateway_id": "",
            "id": "rtbassoc-0edfe314dc9a1a391",
            "route_table_id": "rtb-016b67200eb083a45",
            "subnet_id": "subnet-017c3496e82477699"
          },
          "sensitive_attributes": [],
          "private": "bnVsbA==",
          "dependencies": [
            "aws_internet_gateway.ipfs_gw",
            "aws_route_table.ipfs_route_table",
            "aws_subnet.ipfs_subnet",
            "aws_vpc.ipfs_vpc"
          ]
        }
      ]
    },
    {
      "mode": "managed",
      "type": "aws_security_group",
      "name": "allow_ipfs",
      "provider": "provider[\"registry.terraform.io/hashicorp/aws\"]",
      "instances": [
        {
          "schema_version": 1,
          "attributes": {
            "arn": "arn:aws:ec2:us-east-1:486009190107:security-group/sg-00d3295b6f26d2bf5",
            "description": "Allow ipfs traffic",
            "egress": [
              {
                "cidr_blocks": [
                  "0.0.0.0/0"
                ],
                "description": "",
                "from_port": 0,
                "ipv6_cidr_blocks": [],
                "prefix_list_ids": [],
                "protocol": "-1",
                "security_groups": [],
                "self": false,
                "to_port": 0
              }
            ],
            "id": "sg-00d3295b6f26d2bf5",
            "ingress": [
              {
                "cidr_blocks": [
                  "0.0.0.0/0"
                ],
                "description": "",
                "from_port": 4001,
                "ipv6_cidr_blocks": [],
                "prefix_list_ids": [],
                "protocol": "tcp",
                "security_groups": [],
                "self": false,
                "to_port": 4002
              },
              {
                "cidr_blocks": [
                  "0.0.0.0/0"
                ],
                "description": "",
                "from_port": 8080,
                "ipv6_cidr_blocks": [],
                "prefix_list_ids": [],
                "protocol": "tcp",
                "security_groups": [],
                "self": false,
                "to_port": 8080
              }
            ],
            "name": "allow_ipfs",
            "name_prefix": "",
            "owner_id": "486009190107",
            "revoke_rules_on_delete": false,
            "tags": {},
            "tags_all": {},
            "timeouts": null,
            "vpc_id": "vpc-0c901d1caddaf7ff7"
          },
          "sensitive_attributes": [],
          "private": "eyJlMmJmYjczMC1lY2FhLTExZTYtOGY4OC0zNDM2M2JjN2M0YzAiOnsiY3JlYXRlIjo2MDAwMDAwMDAwMDAsImRlbGV0ZSI6OTAwMDAwMDAwMDAwfSwic2NoZW1hX3ZlcnNpb24iOiIxIn0=",
          "dependencies": [
            "aws_vpc.ipfs_vpc"
          ]
        }
      ]
    },
    {
      "mode": "managed",
      "type": "aws_security_group",
      "name": "allow_ssh",
      "provider": "provider[\"registry.terraform.io/hashicorp/aws\"]",
      "instances": [
        {
          "schema_version": 1,
          "attributes": {
            "arn": "arn:aws:ec2:us-east-1:486009190107:security-group/sg-089768d418da32c41",
            "description": "Allow SSH inbound traffic",
            "egress": [
              {
                "cidr_blocks": [
                  "0.0.0.0/0"
                ],
                "description": "",
                "from_port": 0,
                "ipv6_cidr_blocks": [],
                "prefix_list_ids": [],
                "protocol": "-1",
                "security_groups": [],
                "self": false,
                "to_port": 0
              }
            ],
            "id": "sg-089768d418da32c41",
            "ingress": [
              {
                "cidr_blocks": [
                  "0.0.0.0/0"
                ],
                "description": "",
                "from_port": 22,
                "ipv6_cidr_blocks": [],
                "prefix_list_ids": [],
                "protocol": "tcp",
                "security_groups": [],
                "self": false,
                "to_port": 22
              }
            ],
            "name": "allow_ssh",
            "name_prefix": "",
            "owner_id": "486009190107",
            "revoke_rules_on_delete": false,
            "tags": {},
            "tags_all": {},
            "timeouts": null,
            "vpc_id": "vpc-0c901d1caddaf7ff7"
          },
          "sensitive_attributes": [],
          "private": "eyJlMmJmYjczMC1lY2FhLTExZTYtOGY4OC0zNDM2M2JjN2M0YzAiOnsiY3JlYXRlIjo2MDAwMDAwMDAwMDAsImRlbGV0ZSI6OTAwMDAwMDAwMDAwfSwic2NoZW1hX3ZlcnNpb24iOiIxIn0=",
          "dependencies": [
            "aws_vpc.ipfs_vpc"
          ]
        }
      ]
    },
    {
      "mode": "managed",
      "type": "aws_subnet",
      "name": "ipfs_subnet",
      "provider": "provider[\"registry.terraform.io/hashicorp/aws\"]",
      "instances": [
        {
          "schema_version": 1,
          "attributes": {
            "arn": "arn:aws:ec2:us-east-1:486009190107:subnet/subnet-017c3496e82477699",
            "assign_ipv6_address_on_creation": false,
            "availability_zone": "us-east-1a",
            "availability_zone_id": "use1-az6",
            "cidr_block": "10.0.32.0/19",
            "customer_owned_ipv4_pool": "",
            "enable_dns64": false,
            "enable_resource_name_dns_a_record_on_launch": false,
            "enable_resource_name_dns_aaaa_record_on_launch": false,
            "id": "subnet-017c3496e82477699",
            "ipv6_cidr_block": "",
            "ipv6_cidr_block_association_id": "",
            "ipv6_native": false,
            "map_customer_owned_ip_on_launch": false,
            "map_public_ip_on_launch": false,
            "outpost_arn": "",
            "owner_id": "486009190107",
            "private_dns_hostname_type_on_launch": "ip-name",
            "tags": {},
            "tags_all": {},
            "timeouts": null,
            "vpc_id": "vpc-0c901d1caddaf7ff7"
          },
          "sensitive_attributes": [],
          "private": "eyJlMmJmYjczMC1lY2FhLTExZTYtOGY4OC0zNDM2M2JjN2M0YzAiOnsiY3JlYXRlIjo2MDAwMDAwMDAwMDAsImRlbGV0ZSI6MTIwMDAwMDAwMDAwMH0sInNjaGVtYV92ZXJzaW9uIjoiMSJ9",
          "dependencies": [
            "aws_vpc.ipfs_vpc"
          ]
        }
      ]
    },
    {
      "mode": "managed",
      "type": "aws_vpc",
      "name": "ipfs_vpc",
      "provider": "provider[\"registry.terraform.io/hashicorp/aws\"]",
      "instances": [
        {
          "schema_version": 1,
          "attributes": {
            "arn": "arn:aws:ec2:us-east-1:486009190107:vpc/vpc-0c901d1caddaf7ff7",
            "assign_generated_ipv6_cidr_block": false,
            "cidr_block": "10.0.0.0/16",
            "default_network_acl_id": "acl-009e8d4d61499c027",
            "default_route_table_id": "rtb-00069fd92afc68edb",
            "default_security_group_id": "sg-0bb01628075ddda62",
            "dhcp_options_id": "dopt-0938725e651c2bef2",
            "enable_classiclink": false,
            "enable_classiclink_dns_support": false,
            "enable_dns_hostnames": true,
            "enable_dns_support": true,
            "id": "vpc-0c901d1caddaf7ff7",
            "instance_tenancy": "default",
            "ipv4_ipam_pool_id": null,
            "ipv4_netmask_length": null,
            "ipv6_association_id": "",
            "ipv6_cidr_block": "",
            "ipv6_cidr_block_network_border_group": "",
            "ipv6_ipam_pool_id": "",
            "ipv6_netmask_length": 0,
            "main_route_table_id": "rtb-00069fd92afc68edb",
            "owner_id": "486009190107",
            "tags": {
              "Name": "ipfs_vpc"
            },
            "tags_all": {
              "Name": "ipfs_vpc"
            }
          },
          "sensitive_attributes": [],
          "private": "eyJzY2hlbWFfdmVyc2lvbiI6IjEifQ=="
        }
      ]
    }
  ]
}
